
Microsoft Visual Studio Solution File, Format Version 12.00
# Visual Studio Version 16
VisualStudioVersion = 16.0.29009.5
MinimumVisualStudioVersion = 10.0.40219.1
Project("{FAE04EC0-301F-11D3-BF4B-00C04F79EFBC}") = "GBChallenge.API", "GBChallenge.API\GBChallenge.API.csproj", "{52B1163C-1A5A-4D24-B38F-0B4050E5D6B3}"
EndProject
Global
	GlobalSection(SolutionConfigurationPlatforms) = preSolution
		Debug|Any CPU = Debug|Any CPU
		Release|Any CPU = Release|Any CPU
	EndGlobalSection
	GlobalSection(ProjectConfigurationPlatforms) = postSolution
		{52B1163C-1A5A-4D24-B38F-0B4050E5D6B3}.Debug|Any CPU.ActiveCfg = Debug|Any CPU
		{52B1163C-1A5A-4D24-B38F-0B4050E5D6B3}.Debug|Any CPU.Build.0 = Debug|Any CPU
		{52B1163C-1A5A-4D24-B38F-0B4050E5D6B3}.Release|Any CPU.ActiveCfg = Release|Any CPU
		{52B1163C-1A5A-4D24-B38F-0B4050E5D6B3}.Release|Any CPU.Build.0 = Release|Any CPU
	EndGlobalSection
	GlobalSection(SolutionProperties) = preSolution
		HideSolutionNode = FALSE
	EndGlobalSection
	GlobalSection(ExtensibilityGlobals) = postSolution
		SolutionGuid = {C91DFCCF-6A7E-4A2C-9DE4-CF8A143D6363}
	EndGlobalSection
EndGlobal
